
Microsoft Visual Studio Solution File, Format Version 12.00
# Visual Studio Version 17
VisualStudioVersion = 17.14.36429.23 d17.14
MinimumVisualStudioVersion = 10.0.40219.1
Project("{8BC9CEB8-8B4A-11D0-8D11-00A0C91BC942}") = "LR22", "LR22.vcxproj", "{2227D3A0-3914-4452-AE23-EED6096E495E}"
EndProject
Global
	GlobalSection(SolutionConfigurationPlatforms) = preSolution
		Debug|x64 = Debug|x64
		Debug|x86 = Debug|x86
		Release|x64 = Release|x64
		Release|x86 = Release|x86
	EndGlobalSection
	GlobalSection(ProjectConfigurationPlatforms) = postSolution
		{2227D3A0-3914-4452-AE23-EED6096E495E}.Debug|x64.ActiveCfg = Debug|x64
		{2227D3A0-3914-4452-AE23-EED6096E495E}.Debug|x64.Build.0 = Debug|x64
		{2227D3A0-3914-4452-AE23-EED6096E495E}.Debug|x86.ActiveCfg = Debug|Win32
		{2227D3A0-3914-4452-AE23-EED6096E495E}.Debug|x86.Build.0 = Debug|Win32
		{2227D3A0-3914-4452-AE23-EED6096E495E}.Release|x64.ActiveCfg = Release|x64
		{2227D3A0-3914-4452-AE23-EED6096E495E}.Release|x64.Build.0 = Release|x64
		{2227D3A0-3914-4452-AE23-EED6096E495E}.Release|x86.ActiveCfg = Release|Win32
		{2227D3A0-3914-4452-AE23-EED6096E495E}.Release|x86.Build.0 = Release|Win32
	EndGlobalSection
	GlobalSection(SolutionProperties) = preSolution
		HideSolutionNode = FALSE
	EndGlobalSection
	GlobalSection(ExtensibilityGlobals) = postSolution
		SolutionGuid = {74FFC758-543D-4ABE-83FF-1E0272B3E851}
	EndGlobalSection
EndGlobal
